
Microsoft Visual Studio Solution File, Format Version 12.00
# Visual Studio Version 16
VisualStudioVersion = 16.0.31005.135
MinimumVisualStudioVersion = 10.0.40219.1
Project("{FAE04EC0-301F-11D3-BF4B-00C04F79EFBC}") = "PIV-2", "PIV-2.csproj", "{D68E2F50-2EA6-4410-B0E2-1D09441EFD59}"
EndProject
Global
	GlobalSection(SolutionConfigurationPlatforms) = preSolution
		Debug|Any CPU = Debug|Any CPU
		Release|Any CPU = Release|Any CPU
	EndGlobalSection
	GlobalSection(ProjectConfigurationPlatforms) = postSolution
		{D68E2F50-2EA6-4410-B0E2-1D09441EFD59}.Debug|Any CPU.ActiveCfg = Debug|Any CPU
		{D68E2F50-2EA6-4410-B0E2-1D09441EFD59}.Debug|Any CPU.Build.0 = Debug|Any CPU
		{D68E2F50-2EA6-4410-B0E2-1D09441EFD59}.Release|Any CPU.ActiveCfg = Release|Any CPU
		{D68E2F50-2EA6-4410-B0E2-1D09441EFD59}.Release|Any CPU.Build.0 = Release|Any CPU
	EndGlobalSection
	GlobalSection(SolutionProperties) = preSolution
		HideSolutionNode = FALSE
	EndGlobalSection
	GlobalSection(ExtensibilityGlobals) = postSolution
		SolutionGuid = {38E28042-5BF8-4815-9358-1FD15BC4016E}
	EndGlobalSection
EndGlobal
